{
  "requires": true,
  "lockfileVersion": 1,
  "dependencies": {
    "mongoose-float": {
      "version": "1.0.2",
      "resolved": "https://registry.npmjs.org/mongoose-float/-/mongoose-float-1.0.2.tgz",
      "integrity": "sha1-iV5lPjfCnlePKb/2pAxSqFkGVBk="
    },
    "uuid": {
      "version": "3.3.2",
      "resolved": "https://registry.npmjs.org/uuid/-/uuid-3.3.2.tgz",
      "integrity": "sha512-yXJmeNaw3DnnKAOKJE51sL/ZaYfWJRl1pK9dr19YFCu0ObS231AB1/LbqTKRAQ5kw8A90rA6fr4riOUpTZvQZA=="
    },
    "uuid-token-generator": {
      "version": "1.0.0",
      "resolved": "https://registry.npmjs.org/uuid-token-generator/-/uuid-token-generator-1.0.0.tgz",
      "integrity": "sha1-NtsJH2a5TJPwrcJIVo+kc3EWN9s=",
      "requires": {
        "uuid": "^3.0.0"
      }
    }
  }
}
